
Microsoft Visual Studio Solution File, Format Version 12.00
# Visual Studio Version 17
VisualStudioVersion = 17.4.33122.133
MinimumVisualStudioVersion = 10.0.40219.1
Project("{FAE04EC0-301F-11D3-BF4B-00C04F79EFBC}") = "SecurePad.Android", "SecurePad.Android\SecurePad.Android.csproj", "{36846FB7-6C47-4EE5-990D-1ECF6D5BD8A4}"
EndProject
Project("{9A19103F-16F7-4668-BE54-9A1E7A4F7556}") = "SecurePad", "SecurePad\SecurePad.csproj", "{1462BF2B-75BD-47BB-B012-459092CF4A17}"
EndProject
Global
	GlobalSection(SolutionConfigurationPlatforms) = preSolution
		Debug|Any CPU = Debug|Any CPU
		Release|Any CPU = Release|Any CPU
	EndGlobalSection
	GlobalSection(ProjectConfigurationPlatforms) = postSolution
		{36846FB7-6C47-4EE5-990D-1ECF6D5BD8A4}.Debug|Any CPU.ActiveCfg = Debug|Any CPU
		{36846FB7-6C47-4EE5-990D-1ECF6D5BD8A4}.Debug|Any CPU.Build.0 = Debug|Any CPU
		{36846FB7-6C47-4EE5-990D-1ECF6D5BD8A4}.Debug|Any CPU.Deploy.0 = Debug|Any CPU
		{36846FB7-6C47-4EE5-990D-1ECF6D5BD8A4}.Release|Any CPU.ActiveCfg = Release|Any CPU
		{36846FB7-6C47-4EE5-990D-1ECF6D5BD8A4}.Release|Any CPU.Build.0 = Release|Any CPU
		{36846FB7-6C47-4EE5-990D-1ECF6D5BD8A4}.Release|Any CPU.Deploy.0 = Release|Any CPU
		{1462BF2B-75BD-47BB-B012-459092CF4A17}.Debug|Any CPU.ActiveCfg = Debug|Any CPU
		{1462BF2B-75BD-47BB-B012-459092CF4A17}.Debug|Any CPU.Build.0 = Debug|Any CPU
		{1462BF2B-75BD-47BB-B012-459092CF4A17}.Debug|Any CPU.Deploy.0 = Debug|Any CPU
		{1462BF2B-75BD-47BB-B012-459092CF4A17}.Release|Any CPU.ActiveCfg = Release|Any CPU
		{1462BF2B-75BD-47BB-B012-459092CF4A17}.Release|Any CPU.Build.0 = Release|Any CPU
		{1462BF2B-75BD-47BB-B012-459092CF4A17}.Release|Any CPU.Deploy.0 = Release|Any CPU
	EndGlobalSection
	GlobalSection(SolutionProperties) = preSolution
		HideSolutionNode = FALSE
	EndGlobalSection
	GlobalSection(ExtensibilityGlobals) = postSolution
		SolutionGuid = {370D4135-661B-410A-902D-85EFF0CD448E}
	EndGlobalSection
EndGlobal
